
Microsoft Visual Studio Solution File, Format Version 12.00
# Visual Studio Version 17
VisualStudioVersion = 17.3.32929.385
MinimumVisualStudioVersion = 10.0.40219.1
Project("{9A19103F-16F7-4668-BE54-9A1E7A4F7556}") = "Practice 1", "Practice 1\Practice 1.csproj", "{BF2CB00C-E479-448A-B170-8041F81C8C49}"
EndProject
Project("{9A19103F-16F7-4668-BE54-9A1E7A4F7556}") = "Practice 2", "Practice 2\Practice 2.csproj", "{31B55F90-D259-4E45-A6F6-4E8F3A809A62}"
EndProject
Project("{9A19103F-16F7-4668-BE54-9A1E7A4F7556}") = "Practice 2.Tests", "Practice 2.Tests\Practice 2.Tests.csproj", "{6AA265A9-E935-44CA-B62B-9D3DC7867884}"
EndProject
Project("{9A19103F-16F7-4668-BE54-9A1E7A4F7556}") = "Practice 3", "Practice 3\Practice 3.csproj", "{32F36AD6-C142-4F85-AD14-4325EB70D2EA}"
EndProject
Project("{9A19103F-16F7-4668-BE54-9A1E7A4F7556}") = "Practice 4", "Practice 4\Practice 4.csproj", "{1633D40C-59FD-4105-92B2-D0C0EBD822E0}"
EndProject
Project("{FAE04EC0-301F-11D3-BF4B-00C04F79EFBC}") = "Practice 5", "Practice 5\Practice 5.csproj", "{E8A4B0DF-6883-43BE-9A18-81F3CB825BC5}"
EndProject
Project("{FAE04EC0-301F-11D3-BF4B-00C04F79EFBC}") = "Practice 6", "Practice 6\Practice 6.csproj", "{5D178BF1-2E51-4995-8B7C-CA5E8CDC3B00}"
EndProject
Global
	GlobalSection(SolutionConfigurationPlatforms) = preSolution
		Debug|Any CPU = Debug|Any CPU
		Release|Any CPU = Release|Any CPU
	EndGlobalSection
	GlobalSection(ProjectConfigurationPlatforms) = postSolution
		{BF2CB00C-E479-448A-B170-8041F81C8C49}.Debug|Any CPU.ActiveCfg = Debug|Any CPU
		{BF2CB00C-E479-448A-B170-8041F81C8C49}.Debug|Any CPU.Build.0 = Debug|Any CPU
		{BF2CB00C-E479-448A-B170-8041F81C8C49}.Release|Any CPU.ActiveCfg = Release|Any CPU
		{BF2CB00C-E479-448A-B170-8041F81C8C49}.Release|Any CPU.Build.0 = Release|Any CPU
		{31B55F90-D259-4E45-A6F6-4E8F3A809A62}.Debug|Any CPU.ActiveCfg = Debug|Any CPU
		{31B55F90-D259-4E45-A6F6-4E8F3A809A62}.Debug|Any CPU.Build.0 = Debug|Any CPU
		{31B55F90-D259-4E45-A6F6-4E8F3A809A62}.Release|Any CPU.ActiveCfg = Release|Any CPU
		{31B55F90-D259-4E45-A6F6-4E8F3A809A62}.Release|Any CPU.Build.0 = Release|Any CPU
		{6AA265A9-E935-44CA-B62B-9D3DC7867884}.Debug|Any CPU.ActiveCfg = Debug|Any CPU
		{6AA265A9-E935-44CA-B62B-9D3DC7867884}.Debug|Any CPU.Build.0 = Debug|Any CPU
		{6AA265A9-E935-44CA-B62B-9D3DC7867884}.Release|Any CPU.ActiveCfg = Release|Any CPU
		{6AA265A9-E935-44CA-B62B-9D3DC7867884}.Release|Any CPU.Build.0 = Release|Any CPU
		{32F36AD6-C142-4F85-AD14-4325EB70D2EA}.Debug|Any CPU.ActiveCfg = Debug|Any CPU
		{32F36AD6-C142-4F85-AD14-4325EB70D2EA}.Debug|Any CPU.Build.0 = Debug|Any CPU
		{32F36AD6-C142-4F85-AD14-4325EB70D2EA}.Release|Any CPU.ActiveCfg = Release|Any CPU
		{32F36AD6-C142-4F85-AD14-4325EB70D2EA}.Release|Any CPU.Build.0 = Release|Any CPU
		{1633D40C-59FD-4105-92B2-D0C0EBD822E0}.Debug|Any CPU.ActiveCfg = Debug|Any CPU
		{1633D40C-59FD-4105-92B2-D0C0EBD822E0}.Debug|Any CPU.Build.0 = Debug|Any CPU
		{1633D40C-59FD-4105-92B2-D0C0EBD822E0}.Release|Any CPU.ActiveCfg = Release|Any CPU
		{1633D40C-59FD-4105-92B2-D0C0EBD822E0}.Release|Any CPU.Build.0 = Release|Any CPU
		{E8A4B0DF-6883-43BE-9A18-81F3CB825BC5}.Debug|Any CPU.ActiveCfg = Debug|Any CPU
		{E8A4B0DF-6883-43BE-9A18-81F3CB825BC5}.Debug|Any CPU.Build.0 = Debug|Any CPU
		{E8A4B0DF-6883-43BE-9A18-81F3CB825BC5}.Release|Any CPU.ActiveCfg = Release|Any CPU
		{E8A4B0DF-6883-43BE-9A18-81F3CB825BC5}.Release|Any CPU.Build.0 = Release|Any CPU
		{5D178BF1-2E51-4995-8B7C-CA5E8CDC3B00}.Debug|Any CPU.ActiveCfg = Debug|Any CPU
		{5D178BF1-2E51-4995-8B7C-CA5E8CDC3B00}.Debug|Any CPU.Build.0 = Debug|Any CPU
		{5D178BF1-2E51-4995-8B7C-CA5E8CDC3B00}.Release|Any CPU.ActiveCfg = Release|Any CPU
		{5D178BF1-2E51-4995-8B7C-CA5E8CDC3B00}.Release|Any CPU.Build.0 = Release|Any CPU
	EndGlobalSection
	GlobalSection(SolutionProperties) = preSolution
		HideSolutionNode = FALSE
	EndGlobalSection
	GlobalSection(ExtensibilityGlobals) = postSolution
		SolutionGuid = {290945A6-EB6D-4693-AD67-9D3F49F485E3}
	EndGlobalSection
EndGlobal
